
Microsoft Visual Studio Solution File, Format Version 12.00
# Visual Studio Version 16
VisualStudioVersion = 16.0.36422.26
MinimumVisualStudioVersion = 10.0.40219.1
Project("{F184B08F-C81C-45F6-A57F-5ABD9991F28F}") = "apsi_matkul_zheren", "apsi_matkul_zheren\apsi_matkul_zheren.vbproj", "{615957FA-5770-4D92-814C-C04956B907D3}"
EndProject
Global
	GlobalSection(SolutionConfigurationPlatforms) = preSolution
		Debug|Any CPU = Debug|Any CPU
		Release|Any CPU = Release|Any CPU
	EndGlobalSection
	GlobalSection(ProjectConfigurationPlatforms) = postSolution
		{615957FA-5770-4D92-814C-C04956B907D3}.Debug|Any CPU.ActiveCfg = Debug|Any CPU
		{615957FA-5770-4D92-814C-C04956B907D3}.Debug|Any CPU.Build.0 = Debug|Any CPU
		{615957FA-5770-4D92-814C-C04956B907D3}.Release|Any CPU.ActiveCfg = Release|Any CPU
		{615957FA-5770-4D92-814C-C04956B907D3}.Release|Any CPU.Build.0 = Release|Any CPU
	EndGlobalSection
	GlobalSection(SolutionProperties) = preSolution
		HideSolutionNode = FALSE
	EndGlobalSection
	GlobalSection(ExtensibilityGlobals) = postSolution
		SolutionGuid = {8DFAE221-FD3F-4F64-A5E6-BF93C9F6DD17}
	EndGlobalSection
EndGlobal
